
Microsoft Visual Studio Solution File, Format Version 12.00
# Visual Studio Version 17
VisualStudioVersion = 17.7.34221.43
MinimumVisualStudioVersion = 10.0.40219.1
Project("{FAE04EC0-301F-11D3-BF4B-00C04F79EFBC}") = "Jig system control", "Jig system control\Jig system control.csproj", "{67960A48-4519-4113-BADD-795251256A6B}"
EndProject
Global
	GlobalSection(SolutionConfigurationPlatforms) = preSolution
		Debug|Any CPU = Debug|Any CPU
		Release|Any CPU = Release|Any CPU
	EndGlobalSection
	GlobalSection(ProjectConfigurationPlatforms) = postSolution
		{67960A48-4519-4113-BADD-795251256A6B}.Debug|Any CPU.ActiveCfg = Debug|Any CPU
		{67960A48-4519-4113-BADD-795251256A6B}.Debug|Any CPU.Build.0 = Debug|Any CPU
		{67960A48-4519-4113-BADD-795251256A6B}.Release|Any CPU.ActiveCfg = Release|Any CPU
		{67960A48-4519-4113-BADD-795251256A6B}.Release|Any CPU.Build.0 = Release|Any CPU
	EndGlobalSection
	GlobalSection(SolutionProperties) = preSolution
		HideSolutionNode = FALSE
	EndGlobalSection
	GlobalSection(ExtensibilityGlobals) = postSolution
		SolutionGuid = {90178CEC-BEF9-47A2-A089-9E8FA4E6463E}
	EndGlobalSection
EndGlobal
